// !$*UTF8*$!
{
	archiveVersion = 1;
	classes = {
	};
	objectVersion = 56;
	objects = {

/* Begin PBXBuildFile section */
		8932F33A2A642A6E00F5D26D /* InfoViewController.storyboard in Resources */ = {isa = PBXBuildFile; fileRef = 8932F3392A642A6E00F5D26D /* InfoViewController.storyboard */; };
		8932F33D2A643EBC00F5D26D /* Animals.swift in Sources */ = {isa = PBXBuildFile; fileRef = 8932F33C2A643EBC00F5D26D /* Animals.swift */; };
		8932F33F2A643EDF00F5D26D /* Animals.xib in Resources */ = {isa = PBXBuildFile; fileRef = 8932F33E2A643EDF00F5D26D /* Animals.xib */; };
		899FB37B2A64B743004BE0ED /* ostrich.mp4 in Resources */ = {isa = PBXBuildFile; fileRef = 899FB3732A64B743004BE0ED /* ostrich.mp4 */; };
		899FB37C2A64B743004BE0ED /* zebra.mp4 in Resources */ = {isa = PBXBuildFile; fileRef = 899FB3742A64B743004BE0ED /* zebra.mp4 */; };
		899FB37D2A64B743004BE0ED /* hippo.mp4 in Resources */ = {isa = PBXBuildFile; fileRef = 899FB3752A64B743004BE0ED /* hippo.mp4 */; };
		899FB37E2A64B743004BE0ED /* cheetah.mp4 in Resources */ = {isa = PBXBuildFile; fileRef = 899FB3762A64B743004BE0ED /* cheetah.mp4 */; };
		899FB37F2A64B743004BE0ED /* giraffe.mp4 in Resources */ = {isa = PBXBuildFile; fileRef = 899FB3772A64B743004BE0ED /* giraffe.mp4 */; };
		899FB3802A64B743004BE0ED /* gorilla.mp4 in Resources */ = {isa = PBXBuildFile; fileRef = 899FB3782A64B743004BE0ED /* gorilla.mp4 */; };
		899FB3812A64B743004BE0ED /* lion.mp4 in Resources */ = {isa = PBXBuildFile; fileRef = 899FB3792A64B743004BE0ED /* lion.mp4 */; };
		899FB3822A64B743004BE0ED /* elephant.mp4 in Resources */ = {isa = PBXBuildFile; fileRef = 899FB37A2A64B743004BE0ED /* elephant.mp4 */; };
		89AF71AD2A62DD2B00ACF8D9 /* AppDelegate.swift in Sources */ = {isa = PBXBuildFile; fileRef = 89AF71AC2A62DD2B00ACF8D9 /* AppDelegate.swift */; };
		89AF71AF2A62DD2B00ACF8D9 /* SceneDelegate.swift in Sources */ = {isa = PBXBuildFile; fileRef = 89AF71AE2A62DD2B00ACF8D9 /* SceneDelegate.swift */; };
		89AF71B12A62DD2B00ACF8D9 /* ViewController.swift in Sources */ = {isa = PBXBuildFile; fileRef = 89AF71B02A62DD2B00ACF8D9 /* ViewController.swift */; };
		89AF71B42A62DD2B00ACF8D9 /* MainViewController.storyboard in Resources */ = {isa = PBXBuildFile; fileRef = 89AF71B22A62DD2B00ACF8D9 /* MainViewController.storyboard */; };
		89AF71B72A62DD2B00ACF8D9 /* AnimalInfos.xcdatamodeld in Sources */ = {isa = PBXBuildFile; fileRef = 89AF71B52A62DD2B00ACF8D9 /* AnimalInfos.xcdatamodeld */; };
		89AF71B92A62DD2D00ACF8D9 /* Assets.xcassets in Resources */ = {isa = PBXBuildFile; fileRef = 89AF71B82A62DD2D00ACF8D9 /* Assets.xcassets */; };
		89AF71BC2A62DD2D00ACF8D9 /* LaunchScreen.storyboard in Resources */ = {isa = PBXBuildFile; fileRef = 89AF71BA2A62DD2D00ACF8D9 /* LaunchScreen.storyboard */; };
		89AF71C62A62DDD800ACF8D9 /* InfoViewController.swift in Sources */ = {isa = PBXBuildFile; fileRef = 89AF71C52A62DDD800ACF8D9 /* InfoViewController.swift */; };
/* End PBXBuildFile section */

/* Begin PBXFileReference section */
		8932F3392A642A6E00F5D26D /* InfoViewController.storyboard */ = {isa = PBXFileReference; lastKnownFileType = file.storyboard; path = InfoViewController.storyboard; sourceTree = "<group>"; };
		8932F33C2A643EBC00F5D26D /* Animals.swift */ = {isa = PBXFileReference; lastKnownFileType = sourcecode.swift; path = Animals.swift; sourceTree = "<group>"; };
		8932F33E2A643EDF00F5D26D /* Animals.xib */ = {isa = PBXFileReference; lastKnownFileType = file.xib; path = Animals.xib; sourceTree = "<group>"; };
		899FB3732A64B743004BE0ED /* ostrich.mp4 */ = {isa = PBXFileReference; lastKnownFileType = file; name = ostrich.mp4; path = "../../../../../Downloads/Videos-2/ostrich.mp4"; sourceTree = "<group>"; };
		899FB3742A64B743004BE0ED /* zebra.mp4 */ = {isa = PBXFileReference; lastKnownFileType = file; name = zebra.mp4; path = "../../../../../Downloads/Videos-2/zebra.mp4"; sourceTree = "<group>"; };
		899FB3752A64B743004BE0ED /* hippo.mp4 */ = {isa = PBXFileReference; lastKnownFileType = file; name = hippo.mp4; path = "../../../../../Downloads/Videos-2/hippo.mp4"; sourceTree = "<group>"; };
		899FB3762A64B743004BE0ED /* cheetah.mp4 */ = {isa = PBXFileReference; lastKnownFileType = file; name = cheetah.mp4; path = "../../../../../Downloads/Videos-2/cheetah.mp4"; sourceTree = "<group>"; };
		899FB3772A64B743004BE0ED /* giraffe.mp4 */ = {isa = PBXFileReference; lastKnownFileType = file; name = giraffe.mp4; path = "../../../../../Downloads/Videos-2/giraffe.mp4"; sourceTree = "<group>"; };
		899FB3782A64B743004BE0ED /* gorilla.mp4 */ = {isa = PBXFileReference; lastKnownFileType = file; name = gorilla.mp4; path = "../../../../../Downloads/Videos-2/gorilla.mp4"; sourceTree = "<group>"; };
		899FB3792A64B743004BE0ED /* lion.mp4 */ = {isa = PBXFileReference; lastKnownFileType = file; name = lion.mp4; path = "../../../../../Downloads/Videos-2/lion.mp4"; sourceTree = "<group>"; };
		899FB37A2A64B743004BE0ED /* elephant.mp4 */ = {isa = PBXFileReference; lastKnownFileType = file; name = elephant.mp4; path = "../../../../../Downloads/Videos-2/elephant.mp4"; sourceTree = "<group>"; };
		89AF71A92A62DD2B00ACF8D9 /* AnimalInfos.app */ = {isa = PBXFileReference; explicitFileType = wrapper.application; includeInIndex = 0; path = AnimalInfos.app; sourceTree = BUILT_PRODUCTS_DIR; };
		89AF71AC2A62DD2B00ACF8D9 /* AppDelegate.swift */ = {isa = PBXFileReference; lastKnownFileType = sourcecode.swift; path = AppDelegate.swift; sourceTree = "<group>"; };
		89AF71AE2A62DD2B00ACF8D9 /* SceneDelegate.swift */ = {isa = PBXFileReference; lastKnownFileType = sourcecode.swift; path = SceneDelegate.swift; sourceTree = "<group>"; };
		89AF71B02A62DD2B00ACF8D9 /* ViewController.swift */ = {isa = PBXFileReference; lastKnownFileType = sourcecode.swift; path = ViewController.swift; sourceTree = "<group>"; };
		89AF71B32A62DD2B00ACF8D9 /* Base */ = {isa = PBXFileReference; lastKnownFileType = file.storyboard; name = Base; path = Base.lproj/MainViewController.storyboard; sourceTree = "<group>"; };
		89AF71B62A62DD2B00ACF8D9 /* AnimalInfos.xcdatamodel */ = {isa = PBXFileReference; lastKnownFileType = wrapper.xcdatamodel; path = AnimalInfos.xcdatamodel; sourceTree = "<group>"; };
		89AF71B82A62DD2D00ACF8D9 /* Assets.xcassets */ = {isa = PBXFileReference; lastKnownFileType = folder.assetcatalog; path = Assets.xcassets; sourceTree = "<group>"; };
		89AF71BB2A62DD2D00ACF8D9 /* Base */ = {isa = PBXFileReference; lastKnownFileType = file.storyboard; name = Base; path = Base.lproj/LaunchScreen.storyboard; sourceTree = "<group>"; };
		89AF71BD2A62DD2D00ACF8D9 /* Info.plist */ = {isa = PBXFileReference; lastKnownFileType = text.plist.xml; path = Info.plist; sourceTree = "<group>"; };
		89AF71C52A62DDD800ACF8D9 /* InfoViewController.swift */ = {isa = PBXFileReference; lastKnownFileType = sourcecode.swift; path = InfoViewController.swift; sourceTree = "<group>"; };
/* End PBXFileReference section */

/* Begin PBXFrameworksBuildPhase section */
		89AF71A62A62DD2B00ACF8D9 /* Frameworks */ = {
			isa = PBXFrameworksBuildPhase;
			buildActionMask = 2147483647;
			files = (
			);
			runOnlyForDeploymentPostprocessing = 0;
		};
/* End PBXFrameworksBuildPhase section */

/* Begin PBXGroup section */
		8932F3372A642A2200F5D26D /* Main Page */ = {
			isa = PBXGroup;
			children = (
				8932F33B2A643E7C00F5D26D /* _components */,
				89AF71B02A62DD2B00ACF8D9 /* ViewController.swift */,
				89AF71B22A62DD2B00ACF8D9 /* MainViewController.storyboard */,
			);
			path = "Main Page";
			sourceTree = "<group>";
		};
		8932F3382A642A5600F5D26D /* Info Page */ = {
			isa = PBXGroup;
			children = (
				89AF71C52A62DDD800ACF8D9 /* InfoViewController.swift */,
				8932F3392A642A6E00F5D26D /* InfoViewController.storyboard */,
			);
			path = "Info Page";
			sourceTree = "<group>";
		};
		8932F33B2A643E7C00F5D26D /* _components */ = {
			isa = PBXGroup;
			children = (
				8932F33C2A643EBC00F5D26D /* Animals.swift */,
				8932F33E2A643EDF00F5D26D /* Animals.xib */,
			);
			path = _components;
			sourceTree = "<group>";
		};
		899FB3722A64B6E0004BE0ED /* Videos */ = {
			isa = PBXGroup;
			children = (
				899FB3762A64B743004BE0ED /* cheetah.mp4 */,
				899FB37A2A64B743004BE0ED /* elephant.mp4 */,
				899FB3772A64B743004BE0ED /* giraffe.mp4 */,
				899FB3782A64B743004BE0ED /* gorilla.mp4 */,
				899FB3752A64B743004BE0ED /* hippo.mp4 */,
				899FB3792A64B743004BE0ED /* lion.mp4 */,
				899FB3732A64B743004BE0ED /* ostrich.mp4 */,
				899FB3742A64B743004BE0ED /* zebra.mp4 */,
			);
			path = Videos;
			sourceTree = "<group>";
		};
		89AF71A02A62DD2B00ACF8D9 = {
			isa = PBXGroup;
			children = (
				89AF71AB2A62DD2B00ACF8D9 /* AnimalInfos */,
				89AF71AA2A62DD2B00ACF8D9 /* Products */,
			);
			sourceTree = "<group>";
		};
		89AF71AA2A62DD2B00ACF8D9 /* Products */ = {
			isa = PBXGroup;
			children = (
				89AF71A92A62DD2B00ACF8D9 /* AnimalInfos.app */,
			);
			name = Products;
			sourceTree = "<group>";
		};
		89AF71AB2A62DD2B00ACF8D9 /* AnimalInfos */ = {
			isa = PBXGroup;
			children = (
				899FB3722A64B6E0004BE0ED /* Videos */,
				8932F3382A642A5600F5D26D /* Info Page */,
				8932F3372A642A2200F5D26D /* Main Page */,
				89AF71AC2A62DD2B00ACF8D9 /* AppDelegate.swift */,
				89AF71AE2A62DD2B00ACF8D9 /* SceneDelegate.swift */,
				89AF71B82A62DD2D00ACF8D9 /* Assets.xcassets */,
				89AF71BA2A62DD2D00ACF8D9 /* LaunchScreen.storyboard */,
				89AF71BD2A62DD2D00ACF8D9 /* Info.plist */,
				89AF71B52A62DD2B00ACF8D9 /* AnimalInfos.xcdatamodeld */,
			);
			path = AnimalInfos;
			sourceTree = "<group>";
		};
/* End PBXGroup section */

/* Begin PBXNativeTarget section */
		89AF71A82A62DD2B00ACF8D9 /* AnimalInfos */ = {
			isa = PBXNativeTarget;
			buildConfigurationList = 89AF71C02A62DD2D00ACF8D9 /* Build configuration list for PBXNativeTarget "AnimalInfos" */;
			buildPhases = (
				89AF71A52A62DD2B00ACF8D9 /* Sources */,
				89AF71A62A62DD2B00ACF8D9 /* Frameworks */,
				89AF71A72A62DD2B00ACF8D9 /* Resources */,
			);
			buildRules = (
			);
			dependencies = (
			);
			name = AnimalInfos;
			productName = AnimalInfos;
			productReference = 89AF71A92A62DD2B00ACF8D9 /* AnimalInfos.app */;
			productType = "com.apple.product-type.application";
		};
/* End PBXNativeTarget section */

/* Begin PBXProject section */
		89AF71A12A62DD2B00ACF8D9 /* Project object */ = {
			isa = PBXProject;
			attributes = {
				BuildIndependentTargetsInParallel = 1;
				LastSwiftUpdateCheck = 1430;
				LastUpgradeCheck = 1430;
				TargetAttributes = {
					89AF71A82A62DD2B00ACF8D9 = {
						CreatedOnToolsVersion = 14.3.1;
					};
				};
			};
			buildConfigurationList = 89AF71A42A62DD2B00ACF8D9 /* Build configuration list for PBXProject "AnimalInfos" */;
			compatibilityVersion = "Xcode 14.0";
			developmentRegion = en;
			hasScannedForEncodings = 0;
			knownRegions = (
				en,
				Base,
			);
			mainGroup = 89AF71A02A62DD2B00ACF8D9;
			productRefGroup = 89AF71AA2A62DD2B00ACF8D9 /* Products */;
			projectDirPath = "";
			projectRoot = "";
			targets = (
				89AF71A82A62DD2B00ACF8D9 /* AnimalInfos */,
			);
		};
/* End PBXProject section */

/* Begin PBXResourcesBuildPhase section */
		89AF71A72A62DD2B00ACF8D9 /* Resources */ = {
			isa = PBXResourcesBuildPhase;
			buildActionMask = 2147483647;
			files = (
				899FB37D2A64B743004BE0ED /* hippo.mp4 in Resources */,
				899FB3812A64B743004BE0ED /* lion.mp4 in Resources */,
				899FB37B2A64B743004BE0ED /* ostrich.mp4 in Resources */,
				89AF71BC2A62DD2D00ACF8D9 /* LaunchScreen.storyboard in Resources */,
				8932F33A2A642A6E00F5D26D /* InfoViewController.storyboard in Resources */,
				899FB3822A64B743004BE0ED /* elephant.mp4 in Resources */,
				899FB37F2A64B743004BE0ED /* giraffe.mp4 in Resources */,
				89AF71B92A62DD2D00ACF8D9 /* Assets.xcassets in Resources */,
				89AF71B42A62DD2B00ACF8D9 /* MainViewController.storyboard in Resources */,
				899FB37C2A64B743004BE0ED /* zebra.mp4 in Resources */,
				8932F33F2A643EDF00F5D26D /* Animals.xib in Resources */,
				899FB37E2A64B743004BE0ED /* cheetah.mp4 in Resources */,
				899FB3802A64B743004BE0ED /* gorilla.mp4 in Resources */,
			);
			runOnlyForDeploymentPostprocessing = 0;
		};
/* End PBXResourcesBuildPhase section */

/* Begin PBXSourcesBuildPhase section */
		89AF71A52A62DD2B00ACF8D9 /* Sources */ = {
			isa = PBXSourcesBuildPhase;
			buildActionMask = 2147483647;
			files = (
				89AF71B12A62DD2B00ACF8D9 /* ViewController.swift in Sources */,
				8932F33D2A643EBC00F5D26D /* Animals.swift in Sources */,
				89AF71B72A62DD2B00ACF8D9 /* AnimalInfos.xcdatamodeld in Sources */,
				89AF71AD2A62DD2B00ACF8D9 /* AppDelegate.swift in Sources */,
				89AF71C62A62DDD800ACF8D9 /* InfoViewController.swift in Sources */,
				89AF71AF2A62DD2B00ACF8D9 /* SceneDelegate.swift in Sources */,
			);
			runOnlyForDeploymentPostprocessing = 0;
		};
/* End PBXSourcesBuildPhase section */

/* Begin PBXVariantGroup section */
		89AF71B22A62DD2B00ACF8D9 /* MainViewController.storyboard */ = {
			isa = PBXVariantGroup;
			children = (
				89AF71B32A62DD2B00ACF8D9 /* Base */,
			);
			name = MainViewController.storyboard;
			sourceTree = "<group>";
		};
		89AF71BA2A62DD2D00ACF8D9 /* LaunchScreen.storyboard */ = {
			isa = PBXVariantGroup;
			children = (
				89AF71BB2A62DD2D00ACF8D9 /* Base */,
			);
			name = LaunchScreen.storyboard;
			sourceTree = "<group>";
		};
/* End PBXVariantGroup section */

/* Begin XCBuildConfiguration section */
		89AF71BE2A62DD2D00ACF8D9 /* Debug */ = {
			isa = XCBuildConfiguration;
			buildSettings = {
				ALWAYS_SEARCH_USER_PATHS = NO;
				CLANG_ANALYZER_NONNULL = YES;
				CLANG_ANALYZER_NUMBER_OBJECT_CONVERSION = YES_AGGRESSIVE;
				CLANG_CXX_LANGUAGE_STANDARD = "gnu++20";
				CLANG_ENABLE_MODULES = YES;
				CLANG_ENABLE_OBJC_ARC = YES;
				CLANG_ENABLE_OBJC_WEAK = YES;
				CLANG_WARN_BLOCK_CAPTURE_AUTORELEASING = YES;
				CLANG_WARN_BOOL_CONVERSION = YES;
				CLANG_WARN_COMMA = YES;
				CLANG_WARN_CONSTANT_CONVERSION = YES;
				CLANG_WARN_DEPRECATED_OBJC_IMPLEMENTATIONS = YES;
				CLANG_WARN_DIRECT_OBJC_ISA_USAGE = YES_ERROR;
				CLANG_WARN_DOCUMENTATION_COMMENTS = YES;
				CLANG_WARN_EMPTY_BODY = YES;
				CLANG_WARN_ENUM_CONVERSION = YES;
				CLANG_WARN_INFINITE_RECURSION = YES;
				CLANG_WARN_INT_CONVERSION = YES;
				CLANG_WARN_NON_LITERAL_NULL_CONVERSION = YES;
				CLANG_WARN_OBJC_IMPLICIT_RETAIN_SELF = YES;
				CLANG_WARN_OBJC_LITERAL_CONVERSION = YES;
				CLANG_WARN_OBJC_ROOT_CLASS = YES_ERROR;
				CLANG_WARN_QUOTED_INCLUDE_IN_FRAMEWORK_HEADER = YES;
				CLANG_WARN_RANGE_LOOP_ANALYSIS = YES;
				CLANG_WARN_STRICT_PROTOTYPES = YES;
				CLANG_WARN_SUSPICIOUS_MOVE = YES;
				CLANG_WARN_UNGUARDED_AVAILABILITY = YES_AGGRESSIVE;
				CLANG_WARN_UNREACHABLE_CODE = YES;
				CLANG_WARN__DUPLICATE_METHOD_MATCH = YES;
				COPY_PHASE_STRIP = NO;
				DEBUG_INFORMATION_FORMAT = dwarf;
				ENABLE_STRICT_OBJC_MSGSEND = YES;
				ENABLE_TESTABILITY = YES;
				GCC_C_LANGUAGE_STANDARD = gnu11;
				GCC_DYNAMIC_NO_PIC = NO;
				GCC_NO_COMMON_BLOCKS = YES;
				GCC_OPTIMIZATION_LEVEL = 0;
				GCC_PREPROCESSOR_DEFINITIONS = (
					"DEBUG=1",
					"$(inherited)",
				);
				GCC_WARN_64_TO_32_BIT_CONVERSION = YES;
				GCC_WARN_ABOUT_RETURN_TYPE = YES_ERROR;
				GCC_WARN_UNDECLARED_SELECTOR = YES;
				GCC_WARN_UNINITIALIZED_AUTOS = YES_AGGRESSIVE;
				GCC_WARN_UNUSED_FUNCTION = YES;
				GCC_WARN_UNUSED_VARIABLE = YES;
				IPHONEOS_DEPLOYMENT_TARGET = 16.4;
				MTL_ENABLE_DEBUG_INFO = INCLUDE_SOURCE;
				MTL_FAST_MATH = YES;
				ONLY_ACTIVE_ARCH = YES;
				SDKROOT = iphoneos;
				SWIFT_ACTIVE_COMPILATION_CONDITIONS = DEBUG;
				SWIFT_OPTIMIZATION_LEVEL = "-Onone";
			};
			name = Debug;
		};
		89AF71BF2A62DD2D00ACF8D9 /* Release */ = {
			isa = XCBuildConfiguration;
			buildSettings = {
				ALWAYS_SEARCH_USER_PATHS = NO;
				CLANG_ANALYZER_NONNULL = YES;
				CLANG_ANALYZER_NUMBER_OBJECT_CONVERSION = YES_AGGRESSIVE;
				CLANG_CXX_LANGUAGE_STANDARD = "gnu++20";
				CLANG_ENABLE_MODULES = YES;
				CLANG_ENABLE_OBJC_ARC = YES;
				CLANG_ENABLE_OBJC_WEAK = YES;
				CLANG_WARN_BLOCK_CAPTURE_AUTORELEASING = YES;
				CLANG_WARN_BOOL_CONVERSION = YES;
				CLANG_WARN_COMMA = YES;
				CLANG_WARN_CONSTANT_CONVERSION = YES;
				CLANG_WARN_DEPRECATED_OBJC_IMPLEMENTATIONS = YES;
				CLANG_WARN_DIRECT_OBJC_ISA_USAGE = YES_ERROR;
				CLANG_WARN_DOCUMENTATION_COMMENTS = YES;
				CLANG_WARN_EMPTY_BODY = YES;
				CLANG_WARN_ENUM_CONVERSION = YES;
				CLANG_WARN_INFINITE_RECURSION = YES;
				CLANG_WARN_INT_CONVERSION = YES;
				CLANG_WARN_NON_LITERAL_NULL_CONVERSION = YES;
				CLANG_WARN_OBJC_IMPLICIT_RETAIN_SELF = YES;
				CLANG_WARN_OBJC_LITERAL_CONVERSION = YES;
				CLANG_WARN_OBJC_ROOT_CLASS = YES_ERROR;
				CLANG_WARN_QUOTED_INCLUDE_IN_FRAMEWORK_HEADER = YES;
				CLANG_WARN_RANGE_LOOP_ANALYSIS = YES;
				CLANG_WARN_STRICT_PROTOTYPES = YES;
				CLANG_WARN_SUSPICIOUS_MOVE = YES;
				CLANG_WARN_UNGUARDED_AVAILABILITY = YES_AGGRESSIVE;
				CLANG_WARN_UNREACHABLE_CODE = YES;
				CLANG_WARN__DUPLICATE_METHOD_MATCH = YES;
				COPY_PHASE_STRIP = NO;
				DEBUG_INFORMATION_FORMAT = "dwarf-with-dsym";
				ENABLE_NS_ASSERTIONS = NO;
				ENABLE_STRICT_OBJC_MSGSEND = YES;
				GCC_C_LANGUAGE_STANDARD = gnu11;
				GCC_NO_COMMON_BLOCKS = YES;
				GCC_WARN_64_TO_32_BIT_CONVERSION = YES;
				GCC_WARN_ABOUT_RETURN_TYPE = YES_ERROR;
				GCC_WARN_UNDECLARED_SELECTOR = YES;
				GCC_WARN_UNINITIALIZED_AUTOS = YES_AGGRESSIVE;
				GCC_WARN_UNUSED_FUNCTION = YES;
				GCC_WARN_UNUSED_VARIABLE = YES;
				IPHONEOS_DEPLOYMENT_TARGET = 16.4;
				MTL_ENABLE_DEBUG_INFO = NO;
				MTL_FAST_MATH = YES;
				SDKROOT = iphoneos;
				SWIFT_COMPILATION_MODE = wholemodule;
				SWIFT_OPTIMIZATION_LEVEL = "-O";
				VALIDATE_PRODUCT = YES;
			};
			name = Release;
		};
		89AF71C12A62DD2D00ACF8D9 /* Debug */ = {
			isa = XCBuildConfiguration;
			buildSettings = {
				ASSETCATALOG_COMPILER_APPICON_NAME = AppIcon;
				ASSETCATALOG_COMPILER_GLOBAL_ACCENT_COLOR_NAME = AccentColor;
				CODE_SIGN_STYLE = Automatic;
				CURRENT_PROJECT_VERSION = 1;
				DEVELOPMENT_TEAM = QV4625ZAU9;
				GENERATE_INFOPLIST_FILE = YES;
				INFOPLIST_FILE = AnimalInfos/Info.plist;
				INFOPLIST_KEY_UIApplicationSupportsIndirectInputEvents = YES;
				INFOPLIST_KEY_UILaunchStoryboardName = LaunchScreen;
				INFOPLIST_KEY_UISupportedInterfaceOrientations_iPad = "UIInterfaceOrientationPortrait UIInterfaceOrientationPortraitUpsideDown UIInterfaceOrientationLandscapeLeft UIInterfaceOrientationLandscapeRight";
				INFOPLIST_KEY_UISupportedInterfaceOrientations_iPhone = "UIInterfaceOrientationPortrait UIInterfaceOrientationLandscapeLeft UIInterfaceOrientationLandscapeRight";
				LD_RUNPATH_SEARCH_PATHS = (
					"$(inherited)",
					"@executable_path/Frameworks",
				);
				MARKETING_VERSION = 1.0;
				PRODUCT_BUNDLE_IDENTIFIER = com.oznurolcek.AnimalInfos;
				PRODUCT_NAME = "$(TARGET_NAME)";
				SWIFT_EMIT_LOC_STRINGS = YES;
				SWIFT_VERSION = 5.0;
				TARGETED_DEVICE_FAMILY = "1,2";
			};
			name = Debug;
		};
		89AF71C22A62DD2D00ACF8D9 /* Release */ = {
			isa = XCBuildConfiguration;
			buildSettings = {
				ASSETCATALOG_COMPILER_APPICON_NAME = AppIcon;
				ASSETCATALOG_COMPILER_GLOBAL_ACCENT_COLOR_NAME = AccentColor;
				CODE_SIGN_STYLE = Automatic;
				CURRENT_PROJECT_VERSION = 1;
				DEVELOPMENT_TEAM = QV4625ZAU9;
				GENERATE_INFOPLIST_FILE = YES;
				INFOPLIST_FILE = AnimalInfos/Info.plist;
				INFOPLIST_KEY_UIApplicationSupportsIndirectInputEvents = YES;
				INFOPLIST_KEY_UILaunchStoryboardName = LaunchScreen;
				INFOPLIST_KEY_UISupportedInterfaceOrientations_iPad = "UIInterfaceOrientationPortrait UIInterfaceOrientationPortraitUpsideDown UIInterfaceOrientationLandscapeLeft UIInterfaceOrientationLandscapeRight";
				INFOPLIST_KEY_UISupportedInterfaceOrientations_iPhone = "UIInterfaceOrientationPortrait UIInterfaceOrientationLandscapeLeft UIInterfaceOrientationLandscapeRight";
				LD_RUNPATH_SEARCH_PATHS = (
					"$(inherited)",
					"@executable_path/Frameworks",
				);
				MARKETING_VERSION = 1.0;
				PRODUCT_BUNDLE_IDENTIFIER = com.oznurolcek.AnimalInfos;
				PRODUCT_NAME = "$(TARGET_NAME)";
				SWIFT_EMIT_LOC_STRINGS = YES;
				SWIFT_VERSION = 5.0;
				TARGETED_DEVICE_FAMILY = "1,2";
			};
			name = Release;
		};
/* End XCBuildConfiguration section */

/* Begin XCConfigurationList section */
		89AF71A42A62DD2B00ACF8D9 /* Build configuration list for PBXProject "AnimalInfos" */ = {
			isa = XCConfigurationList;
			buildConfigurations = (
				89AF71BE2A62DD2D00ACF8D9 /* Debug */,
				89AF71BF2A62DD2D00ACF8D9 /* Release */,
			);
			defaultConfigurationIsVisible = 0;
			defaultConfigurationName = Release;
		};
		89AF71C02A62DD2D00ACF8D9 /* Build configuration list for PBXNativeTarget "AnimalInfos" */ = {
			isa = XCConfigurationList;
			buildConfigurations = (
				89AF71C12A62DD2D00ACF8D9 /* Debug */,
				89AF71C22A62DD2D00ACF8D9 /* Release */,
			);
			defaultConfigurationIsVisible = 0;
			defaultConfigurationName = Release;
		};
/* End XCConfigurationList section */

/* Begin XCVersionGroup section */
		89AF71B52A62DD2B00ACF8D9 /* AnimalInfos.xcdatamodeld */ = {
			isa = XCVersionGroup;
			children = (
				89AF71B62A62DD2B00ACF8D9 /* AnimalInfos.xcdatamodel */,
			);
			currentVersion = 89AF71B62A62DD2B00ACF8D9 /* AnimalInfos.xcdatamodel */;
			path = AnimalInfos.xcdatamodeld;
			sourceTree = "<group>";
			versionGroupType = wrapper.xcdatamodel;
		};
/* End XCVersionGroup section */
	};
	rootObject = 89AF71A12A62DD2B00ACF8D9 /* Project object */;
}
